
Microsoft Visual Studio Solution File, Format Version 12.00
# Visual Studio Version 17
VisualStudioVersion = 17.8.34309.116
MinimumVisualStudioVersion = 10.0.40219.1
Project("{FAE04EC0-301F-11D3-BF4B-00C04F79EFBC}") = "RedisClientLab", "RedisClientLab.csproj", "{4E0B9BDB-1EFE-4C14-BBA4-B24037D83995}"
EndProject
Global
	GlobalSection(SolutionConfigurationPlatforms) = preSolution
		Debug|Any CPU = Debug|Any CPU
		Release|Any CPU = Release|Any CPU
	EndGlobalSection
	GlobalSection(ProjectConfigurationPlatforms) = postSolution
		{4E0B9BDB-1EFE-4C14-BBA4-B24037D83995}.Debug|Any CPU.ActiveCfg = Debug|Any CPU
		{4E0B9BDB-1EFE-4C14-BBA4-B24037D83995}.Debug|Any CPU.Build.0 = Debug|Any CPU
		{4E0B9BDB-1EFE-4C14-BBA4-B24037D83995}.Release|Any CPU.ActiveCfg = Release|Any CPU
		{4E0B9BDB-1EFE-4C14-BBA4-B24037D83995}.Release|Any CPU.Build.0 = Release|Any CPU
	EndGlobalSection
	GlobalSection(SolutionProperties) = preSolution
		HideSolutionNode = FALSE
	EndGlobalSection
	GlobalSection(ExtensibilityGlobals) = postSolution
		SolutionGuid = {1CD865F8-921B-4685-B590-7A3FBCE675DC}
	EndGlobalSection
EndGlobal
